
Microsoft Visual Studio Solution File, Format Version 12.00
# Visual Studio Version 17
VisualStudioVersion = 17.0.31903.59
MinimumVisualStudioVersion = 10.0.40219.1
Project("{2150E333-8FDC-42A3-9474-1A3956D46DE8}") = "src", "src", "{827E0CD3-B72D-47B6-A68D-7590B98EB39B}"
EndProject
Project("{FAE04EC0-301F-11D3-BF4B-00C04F79EFBC}") = "AutoFantic.Core", "src\AutoFantic.Core\AutoFantic.Core.csproj", "{EB3FDD94-8241-45AD-AD88-DF0978759994}"
EndProject
Project("{FAE04EC0-301F-11D3-BF4B-00C04F79EFBC}") = "AutoFantic.Spike", "src\AutoFantic.Spike\AutoFantic.Spike.csproj", "{E3F95CF7-63EA-4373-A799-80BD59E8E22C}"
EndProject
Project("{2150E333-8FDC-42A3-9474-1A3956D46DE8}") = "tests", "tests", "{0AB3BF05-4346-4AA6-1389-037BE0695223}"
EndProject
Project("{FAE04EC0-301F-11D3-BF4B-00C04F79EFBC}") = "AutoFantic.Core.Tests", "tests\AutoFantic.Core.Tests\AutoFantic.Core.Tests.csproj", "{B746496F-949E-4C24-BDAA-4C8A61160302}"
EndProject
Project("{FAE04EC0-301F-11D3-BF4B-00C04F79EFBC}") = "AutoFantic.App", "src\AutoFantic.App\AutoFantic.App.csproj", "{3EAE8C6C-7D80-4356-9222-7967DFD84FDF}"
EndProject
Global
	GlobalSection(SolutionConfigurationPlatforms) = preSolution
		Debug|Any CPU = Debug|Any CPU
		Debug|x64 = Debug|x64
		Debug|x86 = Debug|x86
		Release|Any CPU = Release|Any CPU
		Release|x64 = Release|x64
		Release|x86 = Release|x86
	EndGlobalSection
	GlobalSection(ProjectConfigurationPlatforms) = postSolution
		{EB3FDD94-8241-45AD-AD88-DF0978759994}.Debug|Any CPU.ActiveCfg = Debug|Any CPU
		{EB3FDD94-8241-45AD-AD88-DF0978759994}.Debug|Any CPU.Build.0 = Debug|Any CPU
		{EB3FDD94-8241-45AD-AD88-DF0978759994}.Debug|x64.ActiveCfg = Debug|Any CPU
		{EB3FDD94-8241-45AD-AD88-DF0978759994}.Debug|x64.Build.0 = Debug|Any CPU
		{EB3FDD94-8241-45AD-AD88-DF0978759994}.Debug|x86.ActiveCfg = Debug|Any CPU
		{EB3FDD94-8241-45AD-AD88-DF0978759994}.Debug|x86.Build.0 = Debug|Any CPU
		{EB3FDD94-8241-45AD-AD88-DF0978759994}.Release|Any CPU.ActiveCfg = Release|Any CPU
		{EB3FDD94-8241-45AD-AD88-DF0978759994}.Release|Any CPU.Build.0 = Release|Any CPU
		{EB3FDD94-8241-45AD-AD88-DF0978759994}.Release|x64.ActiveCfg = Release|Any CPU
		{EB3FDD94-8241-45AD-AD88-DF0978759994}.Release|x64.Build.0 = Release|Any CPU
		{EB3FDD94-8241-45AD-AD88-DF0978759994}.Release|x86.ActiveCfg = Release|Any CPU
		{EB3FDD94-8241-45AD-AD88-DF0978759994}.Release|x86.Build.0 = Release|Any CPU
		{E3F95CF7-63EA-4373-A799-80BD59E8E22C}.Debug|Any CPU.ActiveCfg = Debug|Any CPU
		{E3F95CF7-63EA-4373-A799-80BD59E8E22C}.Debug|Any CPU.Build.0 = Debug|Any CPU
		{E3F95CF7-63EA-4373-A799-80BD59E8E22C}.Debug|x64.ActiveCfg = Debug|Any CPU
		{E3F95CF7-63EA-4373-A799-80BD59E8E22C}.Debug|x64.Build.0 = Debug|Any CPU
		{E3F95CF7-63EA-4373-A799-80BD59E8E22C}.Debug|x86.ActiveCfg = Debug|Any CPU
		{E3F95CF7-63EA-4373-A799-80BD59E8E22C}.Debug|x86.Build.0 = Debug|Any CPU
		{E3F95CF7-63EA-4373-A799-80BD59E8E22C}.Release|Any CPU.ActiveCfg = Release|Any CPU
		{E3F95CF7-63EA-4373-A799-80BD59E8E22C}.Release|Any CPU.Build.0 = Release|Any CPU
		{E3F95CF7-63EA-4373-A799-80BD59E8E22C}.Release|x64.ActiveCfg = Release|Any CPU
		{E3F95CF7-63EA-4373-A799-80BD59E8E22C}.Release|x64.Build.0 = Release|Any CPU
		{E3F95CF7-63EA-4373-A799-80BD59E8E22C}.Release|x86.ActiveCfg = Release|Any CPU
		{E3F95CF7-63EA-4373-A799-80BD59E8E22C}.Release|x86.Build.0 = Release|Any CPU
		{B746496F-949E-4C24-BDAA-4C8A61160302}.Debug|Any CPU.ActiveCfg = Debug|Any CPU
		{B746496F-949E-4C24-BDAA-4C8A61160302}.Debug|Any CPU.Build.0 = Debug|Any CPU
		{B746496F-949E-4C24-BDAA-4C8A61160302}.Debug|x64.ActiveCfg = Debug|Any CPU
		{B746496F-949E-4C24-BDAA-4C8A61160302}.Debug|x64.Build.0 = Debug|Any CPU
		{B746496F-949E-4C24-BDAA-4C8A61160302}.Debug|x86.ActiveCfg = Debug|Any CPU
		{B746496F-949E-4C24-BDAA-4C8A61160302}.Debug|x86.Build.0 = Debug|Any CPU
		{B746496F-949E-4C24-BDAA-4C8A61160302}.Release|Any CPU.ActiveCfg = Release|Any CPU
		{B746496F-949E-4C24-BDAA-4C8A61160302}.Release|Any CPU.Build.0 = Release|Any CPU
		{B746496F-949E-4C24-BDAA-4C8A61160302}.Release|x64.ActiveCfg = Release|Any CPU
		{B746496F-949E-4C24-BDAA-4C8A61160302}.Release|x64.Build.0 = Release|Any CPU
		{B746496F-949E-4C24-BDAA-4C8A61160302}.Release|x86.ActiveCfg = Release|Any CPU
		{B746496F-949E-4C24-BDAA-4C8A61160302}.Release|x86.Build.0 = Release|Any CPU
		{3EAE8C6C-7D80-4356-9222-7967DFD84FDF}.Debug|Any CPU.ActiveCfg = Debug|Any CPU
		{3EAE8C6C-7D80-4356-9222-7967DFD84FDF}.Debug|Any CPU.Build.0 = Debug|Any CPU
		{3EAE8C6C-7D80-4356-9222-7967DFD84FDF}.Debug|x64.ActiveCfg = Debug|Any CPU
		{3EAE8C6C-7D80-4356-9222-7967DFD84FDF}.Debug|x64.Build.0 = Debug|Any CPU
		{3EAE8C6C-7D80-4356-9222-7967DFD84FDF}.Debug|x86.ActiveCfg = Debug|Any CPU
		{3EAE8C6C-7D80-4356-9222-7967DFD84FDF}.Debug|x86.Build.0 = Debug|Any CPU
		{3EAE8C6C-7D80-4356-9222-7967DFD84FDF}.Release|Any CPU.ActiveCfg = Release|Any CPU
		{3EAE8C6C-7D80-4356-9222-7967DFD84FDF}.Release|Any CPU.Build.0 = Release|Any CPU
		{3EAE8C6C-7D80-4356-9222-7967DFD84FDF}.Release|x64.ActiveCfg = Release|Any CPU
		{3EAE8C6C-7D80-4356-9222-7967DFD84FDF}.Release|x64.Build.0 = Release|Any CPU
		{3EAE8C6C-7D80-4356-9222-7967DFD84FDF}.Release|x86.ActiveCfg = Release|Any CPU
		{3EAE8C6C-7D80-4356-9222-7967DFD84FDF}.Release|x86.Build.0 = Release|Any CPU
	EndGlobalSection
	GlobalSection(SolutionProperties) = preSolution
		HideSolutionNode = FALSE
	EndGlobalSection
	GlobalSection(NestedProjects) = preSolution
		{EB3FDD94-8241-45AD-AD88-DF0978759994} = {827E0CD3-B72D-47B6-A68D-7590B98EB39B}
		{E3F95CF7-63EA-4373-A799-80BD59E8E22C} = {827E0CD3-B72D-47B6-A68D-7590B98EB39B}
		{B746496F-949E-4C24-BDAA-4C8A61160302} = {0AB3BF05-4346-4AA6-1389-037BE0695223}
		{3EAE8C6C-7D80-4356-9222-7967DFD84FDF} = {827E0CD3-B72D-47B6-A68D-7590B98EB39B}
	EndGlobalSection
EndGlobal
